// !$*UTF8*$!
{
	archiveVersion = 1;
	classes = {
	};
	objectVersion = 50;
	objects = {

/* Begin PBXBuildFile section */
		94E9E7A1219C3FEF0051725B /* AppDelegate.swift in Sources */ = {isa = PBXBuildFile; fileRef = 94E9E7A0219C3FEF0051725B /* AppDelegate.swift */; };
		94E9E7A3219C3FEF0051725B /* ViewController.swift in Sources */ = {isa = PBXBuildFile; fileRef = 94E9E7A2219C3FEF0051725B /* ViewController.swift */; };
		94E9E7A6219C3FEF0051725B /* Main.storyboard in Resources */ = {isa = PBXBuildFile; fileRef = 94E9E7A4219C3FEF0051725B /* Main.storyboard */; };
		94E9E7A8219C3FF00051725B /* Assets.xcassets in Resources */ = {isa = PBXBuildFile; fileRef = 94E9E7A7219C3FF00051725B /* Assets.xcassets */; };
		94E9E7AB219C3FF00051725B /* LaunchScreen.storyboard in Resources */ = {isa = PBXBuildFile; fileRef = 94E9E7A9219C3FF00051725B /* LaunchScreen.storyboard */; };
		94E9E7B6219C3FF00051725B /* PhotoEstimateTesterTests.swift in Sources */ = {isa = PBXBuildFile; fileRef = 94E9E7B5219C3FF00051725B /* PhotoEstimateTesterTests.swift */; };
		94E9E7C1219C40F50051725B /* PhotoSelector.swift in Sources */ = {isa = PBXBuildFile; fileRef = 94E9E7C0219C40F50051725B /* PhotoSelector.swift */; };
/* End PBXBuildFile section */

/* Begin PBXContainerItemProxy section */
		94E9E7B2219C3FF00051725B /* PBXContainerItemProxy */ = {
			isa = PBXContainerItemProxy;
			containerPortal = 94E9E795219C3FEF0051725B /* Project object */;
			proxyType = 1;
			remoteGlobalIDString = 94E9E79C219C3FEF0051725B;
			remoteInfo = PhotoEstimateTester;
		};
/* End PBXContainerItemProxy section */

/* Begin PBXFileReference section */
		94E9E79D219C3FEF0051725B /* PhotoEstimateTester.app */ = {isa = PBXFileReference; explicitFileType = wrapper.application; includeInIndex = 0; path = PhotoEstimateTester.app; sourceTree = BUILT_PRODUCTS_DIR; };
		94E9E7A0219C3FEF0051725B /* AppDelegate.swift */ = {isa = PBXFileReference; lastKnownFileType = sourcecode.swift; path = AppDelegate.swift; sourceTree = "<group>"; };
		94E9E7A2219C3FEF0051725B /* ViewController.swift */ = {isa = PBXFileReference; lastKnownFileType = sourcecode.swift; path = ViewController.swift; sourceTree = "<group>"; };
		94E9E7A5219C3FEF0051725B /* Base */ = {isa = PBXFileReference; lastKnownFileType = file.storyboard; name = Base; path = Base.lproj/Main.storyboard; sourceTree = "<group>"; };
		94E9E7A7219C3FF00051725B /* Assets.xcassets */ = {isa = PBXFileReference; lastKnownFileType = folder.assetcatalog; path = Assets.xcassets; sourceTree = "<group>"; };
		94E9E7AA219C3FF00051725B /* Base */ = {isa = PBXFileReference; lastKnownFileType = file.storyboard; name = Base; path = Base.lproj/LaunchScreen.storyboard; sourceTree = "<group>"; };
		94E9E7AC219C3FF00051725B /* Info.plist */ = {isa = PBXFileReference; lastKnownFileType = text.plist.xml; path = Info.plist; sourceTree = "<group>"; };
		94E9E7B1219C3FF00051725B /* PhotoEstimateTesterTests.xctest */ = {isa = PBXFileReference; explicitFileType = wrapper.cfbundle; includeInIndex = 0; path = PhotoEstimateTesterTests.xctest; sourceTree = BUILT_PRODUCTS_DIR; };
		94E9E7B5219C3FF00051725B /* PhotoEstimateTesterTests.swift */ = {isa = PBXFileReference; lastKnownFileType = sourcecode.swift; path = PhotoEstimateTesterTests.swift; sourceTree = "<group>"; };
		94E9E7B7219C3FF00051725B /* Info.plist */ = {isa = PBXFileReference; lastKnownFileType = text.plist.xml; path = Info.plist; sourceTree = "<group>"; };
		94E9E7C0219C40F50051725B /* PhotoSelector.swift */ = {isa = PBXFileReference; lastKnownFileType = sourcecode.swift; path = PhotoSelector.swift; sourceTree = "<group>"; };
/* End PBXFileReference section */

/* Begin PBXFrameworksBuildPhase section */
		94E9E79A219C3FEF0051725B /* Frameworks */ = {
			isa = PBXFrameworksBuildPhase;
			buildActionMask = 2147483647;
			files = (
			);
			runOnlyForDeploymentPostprocessing = 0;
		};
		94E9E7AE219C3FF00051725B /* Frameworks */ = {
			isa = PBXFrameworksBuildPhase;
			buildActionMask = 2147483647;
			files = (
			);
			runOnlyForDeploymentPostprocessing = 0;
		};
/* End PBXFrameworksBuildPhase section */

/* Begin PBXGroup section */
		94E9E794219C3FEF0051725B = {
			isa = PBXGroup;
			children = (
				94E9E79F219C3FEF0051725B /* PhotoEstimateTester */,
				94E9E7B4219C3FF00051725B /* PhotoEstimateTesterTests */,
				94E9E79E219C3FEF0051725B /* Products */,
			);
			sourceTree = "<group>";
		};
		94E9E79E219C3FEF0051725B /* Products */ = {
			isa = PBXGroup;
			children = (
				94E9E79D219C3FEF0051725B /* PhotoEstimateTester.app */,
				94E9E7B1219C3FF00051725B /* PhotoEstimateTesterTests.xctest */,
			);
			name = Products;
			sourceTree = "<group>";
		};
		94E9E79F219C3FEF0051725B /* PhotoEstimateTester */ = {
			isa = PBXGroup;
			children = (
				94E9E7A0219C3FEF0051725B /* AppDelegate.swift */,
				94E9E7A2219C3FEF0051725B /* ViewController.swift */,
				94E9E7A4219C3FEF0051725B /* Main.storyboard */,
				94E9E7A7219C3FF00051725B /* Assets.xcassets */,
				94E9E7A9219C3FF00051725B /* LaunchScreen.storyboard */,
				94E9E7AC219C3FF00051725B /* Info.plist */,
				94E9E7C0219C40F50051725B /* PhotoSelector.swift */,
			);
			path = PhotoEstimateTester;
			sourceTree = "<group>";
		};
		94E9E7B4219C3FF00051725B /* PhotoEstimateTesterTests */ = {
			isa = PBXGroup;
			children = (
				94E9E7B5219C3FF00051725B /* PhotoEstimateTesterTests.swift */,
				94E9E7B7219C3FF00051725B /* Info.plist */,
			);
			path = PhotoEstimateTesterTests;
			sourceTree = "<group>";
		};
/* End PBXGroup section */

/* Begin PBXNativeTarget section */
		94E9E79C219C3FEF0051725B /* PhotoEstimateTester */ = {
			isa = PBXNativeTarget;
			buildConfigurationList = 94E9E7BA219C3FF00051725B /* Build configuration list for PBXNativeTarget "PhotoEstimateTester" */;
			buildPhases = (
				94E9E799219C3FEF0051725B /* Sources */,
				94E9E79A219C3FEF0051725B /* Frameworks */,
				94E9E79B219C3FEF0051725B /* Resources */,
			);
			buildRules = (
			);
			dependencies = (
			);
			name = PhotoEstimateTester;
			productName = PhotoEstimateTester;
			productReference = 94E9E79D219C3FEF0051725B /* PhotoEstimateTester.app */;
			productType = "com.apple.product-type.application";
		};
		94E9E7B0219C3FF00051725B /* PhotoEstimateTesterTests */ = {
			isa = PBXNativeTarget;
			buildConfigurationList = 94E9E7BD219C3FF00051725B /* Build configuration list for PBXNativeTarget "PhotoEstimateTesterTests" */;
			buildPhases = (
				94E9E7AD219C3FF00051725B /* Sources */,
				94E9E7AE219C3FF00051725B /* Frameworks */,
				94E9E7AF219C3FF00051725B /* Resources */,
			);
			buildRules = (
			);
			dependencies = (
				94E9E7B3219C3FF00051725B /* PBXTargetDependency */,
			);
			name = PhotoEstimateTesterTests;
			productName = PhotoEstimateTesterTests;
			productReference = 94E9E7B1219C3FF00051725B /* PhotoEstimateTesterTests.xctest */;
			productType = "com.apple.product-type.bundle.unit-test";
		};
/* End PBXNativeTarget section */

/* Begin PBXProject section */
		94E9E795219C3FEF0051725B /* Project object */ = {
			isa = PBXProject;
			attributes = {
				LastSwiftUpdateCheck = 1010;
				LastUpgradeCheck = 1010;
				ORGANIZATIONNAME = "Calkins Computer Consulting";
				TargetAttributes = {
					94E9E79C219C3FEF0051725B = {
						CreatedOnToolsVersion = 10.1;
					};
					94E9E7B0219C3FF00051725B = {
						CreatedOnToolsVersion = 10.1;
						TestTargetID = 94E9E79C219C3FEF0051725B;
					};
				};
			};
			buildConfigurationList = 94E9E798219C3FEF0051725B /* Build configuration list for PBXProject "PhotoEstimateTester" */;
			compatibilityVersion = "Xcode 9.3";
			developmentRegion = en;
			hasScannedForEncodings = 0;
			knownRegions = (
				en,
				Base,
			);
			mainGroup = 94E9E794219C3FEF0051725B;
			productRefGroup = 94E9E79E219C3FEF0051725B /* Products */;
			projectDirPath = "";
			projectRoot = "";
			targets = (
				94E9E79C219C3FEF0051725B /* PhotoEstimateTester */,
				94E9E7B0219C3FF00051725B /* PhotoEstimateTesterTests */,
			);
		};
/* End PBXProject section */

/* Begin PBXResourcesBuildPhase section */
		94E9E79B219C3FEF0051725B /* Resources */ = {
			isa = PBXResourcesBuildPhase;
			buildActionMask = 2147483647;
			files = (
				94E9E7AB219C3FF00051725B /* LaunchScreen.storyboard in Resources */,
				94E9E7A8219C3FF00051725B /* Assets.xcassets in Resources */,
				94E9E7A6219C3FEF0051725B /* Main.storyboard in Resources */,
			);
			runOnlyForDeploymentPostprocessing = 0;
		};
		94E9E7AF219C3FF00051725B /* Resources */ = {
			isa = PBXResourcesBuildPhase;
			buildActionMask = 2147483647;
			files = (
			);
			runOnlyForDeploymentPostprocessing = 0;
		};
/* End PBXResourcesBuildPhase section */

/* Begin PBXSourcesBuildPhase section */
		94E9E799219C3FEF0051725B /* Sources */ = {
			isa = PBXSourcesBuildPhase;
			buildActionMask = 2147483647;
			files = (
				94E9E7A3219C3FEF0051725B /* ViewController.swift in Sources */,
				94E9E7C1219C40F50051725B /* PhotoSelector.swift in Sources */,
				94E9E7A1219C3FEF0051725B /* AppDelegate.swift in Sources */,
			);
			runOnlyForDeploymentPostprocessing = 0;
		};
		94E9E7AD219C3FF00051725B /* Sources */ = {
			isa = PBXSourcesBuildPhase;
			buildActionMask = 2147483647;
			files = (
				94E9E7B6219C3FF00051725B /* PhotoEstimateTesterTests.swift in Sources */,
			);
			runOnlyForDeploymentPostprocessing = 0;
		};
/* End PBXSourcesBuildPhase section */

/* Begin PBXTargetDependency section */
		94E9E7B3219C3FF00051725B /* PBXTargetDependency */ = {
			isa = PBXTargetDependency;
			target = 94E9E79C219C3FEF0051725B /* PhotoEstimateTester */;
			targetProxy = 94E9E7B2219C3FF00051725B /* PBXContainerItemProxy */;
		};
/* End PBXTargetDependency section */

/* Begin PBXVariantGroup section */
		94E9E7A4219C3FEF0051725B /* Main.storyboard */ = {
			isa = PBXVariantGroup;
			children = (
				94E9E7A5219C3FEF0051725B /* Base */,
			);
			name = Main.storyboard;
			sourceTree = "<group>";
		};
		94E9E7A9219C3FF00051725B /* LaunchScreen.storyboard */ = {
			isa = PBXVariantGroup;
			children = (
				94E9E7AA219C3FF00051725B /* Base */,
			);
			name = LaunchScreen.storyboard;
			sourceTree = "<group>";
		};
/* End PBXVariantGroup section */

/* Begin XCBuildConfiguration section */
		94E9E7B8219C3FF00051725B /* Debug */ = {
			isa = XCBuildConfiguration;
			buildSettings = {
				ALWAYS_SEARCH_USER_PATHS = NO;
				CLANG_ANALYZER_NONNULL = YES;
				CLANG_ANALYZER_NUMBER_OBJECT_CONVERSION = YES_AGGRESSIVE;
				CLANG_CXX_LANGUAGE_STANDARD = "gnu++14";
				CLANG_CXX_LIBRARY = "libc++";
				CLANG_ENABLE_MODULES = YES;
				CLANG_ENABLE_OBJC_ARC = YES;
				CLANG_ENABLE_OBJC_WEAK = YES;
				CLANG_WARN_BLOCK_CAPTURE_AUTORELEASING = YES;
				CLANG_WARN_BOOL_CONVERSION = YES;
				CLANG_WARN_COMMA = YES;
				CLANG_WARN_CONSTANT_CONVERSION = YES;
				CLANG_WARN_DEPRECATED_OBJC_IMPLEMENTATIONS = YES;
				CLANG_WARN_DIRECT_OBJC_ISA_USAGE = YES_ERROR;
				CLANG_WARN_DOCUMENTATION_COMMENTS = YES;
				CLANG_WARN_EMPTY_BODY = YES;
				CLANG_WARN_ENUM_CONVERSION = YES;
				CLANG_WARN_INFINITE_RECURSION = YES;
				CLANG_WARN_INT_CONVERSION = YES;
				CLANG_WARN_NON_LITERAL_NULL_CONVERSION = YES;
				CLANG_WARN_OBJC_IMPLICIT_RETAIN_SELF = YES;
				CLANG_WARN_OBJC_LITERAL_CONVERSION = YES;
				CLANG_WARN_OBJC_ROOT_CLASS = YES_ERROR;
				CLANG_WARN_RANGE_LOOP_ANALYSIS = YES;
				CLANG_WARN_STRICT_PROTOTYPES = YES;
				CLANG_WARN_SUSPICIOUS_MOVE = YES;
				CLANG_WARN_UNGUARDED_AVAILABILITY = YES_AGGRESSIVE;
				CLANG_WARN_UNREACHABLE_CODE = YES;
				CLANG_WARN__DUPLICATE_METHOD_MATCH = YES;
				CODE_SIGN_IDENTITY = "iPhone Developer";
				COPY_PHASE_STRIP = NO;
				DEBUG_INFORMATION_FORMAT = dwarf;
				ENABLE_STRICT_OBJC_MSGSEND = YES;
				ENABLE_TESTABILITY = YES;
				GCC_C_LANGUAGE_STANDARD = gnu11;
				GCC_DYNAMIC_NO_PIC = NO;
				GCC_NO_COMMON_BLOCKS = YES;
				GCC_OPTIMIZATION_LEVEL = 0;
				GCC_PREPROCESSOR_DEFINITIONS = (
					"DEBUG=1",
					"$(inherited)",
				);
				GCC_WARN_64_TO_32_BIT_CONVERSION = YES;
				GCC_WARN_ABOUT_RETURN_TYPE = YES_ERROR;
				GCC_WARN_UNDECLARED_SELECTOR = YES;
				GCC_WARN_UNINITIALIZED_AUTOS = YES_AGGRESSIVE;
				GCC_WARN_UNUSED_FUNCTION = YES;
				GCC_WARN_UNUSED_VARIABLE = YES;
				IPHONEOS_DEPLOYMENT_TARGET = 12.1;
				MTL_ENABLE_DEBUG_INFO = INCLUDE_SOURCE;
				MTL_FAST_MATH = YES;
				ONLY_ACTIVE_ARCH = YES;
				SDKROOT = iphoneos;
				SWIFT_ACTIVE_COMPILATION_CONDITIONS = DEBUG;
				SWIFT_OPTIMIZATION_LEVEL = "-Onone";
			};
			name = Debug;
		};
		94E9E7B9219C3FF00051725B /* Release */ = {
			isa = XCBuildConfiguration;
			buildSettings = {
				ALWAYS_SEARCH_USER_PATHS = NO;
				CLANG_ANALYZER_NONNULL = YES;
				CLANG_ANALYZER_NUMBER_OBJECT_CONVERSION = YES_AGGRESSIVE;
				CLANG_CXX_LANGUAGE_STANDARD = "gnu++14";
				CLANG_CXX_LIBRARY = "libc++";
				CLANG_ENABLE_MODULES = YES;
				CLANG_ENABLE_OBJC_ARC = YES;
				CLANG_ENABLE_OBJC_WEAK = YES;
				CLANG_WARN_BLOCK_CAPTURE_AUTORELEASING = YES;
				CLANG_WARN_BOOL_CONVERSION = YES;
				CLANG_WARN_COMMA = YES;
				CLANG_WARN_CONSTANT_CONVERSION = YES;
				CLANG_WARN_DEPRECATED_OBJC_IMPLEMENTATIONS = YES;
				CLANG_WARN_DIRECT_OBJC_ISA_USAGE = YES_ERROR;
				CLANG_WARN_DOCUMENTATION_COMMENTS = YES;
				CLANG_WARN_EMPTY_BODY = YES;
				CLANG_WARN_ENUM_CONVERSION = YES;
				CLANG_WARN_INFINITE_RECURSION = YES;
				CLANG_WARN_INT_CONVERSION = YES;
				CLANG_WARN_NON_LITERAL_NULL_CONVERSION = YES;
				CLANG_WARN_OBJC_IMPLICIT_RETAIN_SELF = YES;
				CLANG_WARN_OBJC_LITERAL_CONVERSION = YES;
				CLANG_WARN_OBJC_ROOT_CLASS = YES_ERROR;
				CLANG_WARN_RANGE_LOOP_ANALYSIS = YES;
				CLANG_WARN_STRICT_PROTOTYPES = YES;
				CLANG_WARN_SUSPICIOUS_MOVE = YES;
				CLANG_WARN_UNGUARDED_AVAILABILITY = YES_AGGRESSIVE;
				CLANG_WARN_UNREACHABLE_CODE = YES;
				CLANG_WARN__DUPLICATE_METHOD_MATCH = YES;
				CODE_SIGN_IDENTITY = "iPhone Developer";
				COPY_PHASE_STRIP = NO;
				DEBUG_INFORMATION_FORMAT = "dwarf-with-dsym";
				ENABLE_NS_ASSERTIONS = NO;
				ENABLE_STRICT_OBJC_MSGSEND = YES;
				GCC_C_LANGUAGE_STANDARD = gnu11;
				GCC_NO_COMMON_BLOCKS = YES;
				GCC_WARN_64_TO_32_BIT_CONVERSION = YES;
				GCC_WARN_ABOUT_RETURN_TYPE = YES_ERROR;
				GCC_WARN_UNDECLARED_SELECTOR = YES;
				GCC_WARN_UNINITIALIZED_AUTOS = YES_AGGRESSIVE;
				GCC_WARN_UNUSED_FUNCTION = YES;
				GCC_WARN_UNUSED_VARIABLE = YES;
				IPHONEOS_DEPLOYMENT_TARGET = 12.1;
				MTL_ENABLE_DEBUG_INFO = NO;
				MTL_FAST_MATH = YES;
				SDKROOT = iphoneos;
				SWIFT_COMPILATION_MODE = wholemodule;
				SWIFT_OPTIMIZATION_LEVEL = "-O";
				VALIDATE_PRODUCT = YES;
			};
			name = Release;
		};
		94E9E7BB219C3FF00051725B /* Debug */ = {
			isa = XCBuildConfiguration;
			buildSettings = {
				ASSETCATALOG_COMPILER_APPICON_NAME = AppIcon;
				CODE_SIGN_STYLE = Automatic;
				DEVELOPMENT_TEAM = GAW47D4MAE;
				INFOPLIST_FILE = PhotoEstimateTester/Info.plist;
				LD_RUNPATH_SEARCH_PATHS = (
					"$(inherited)",
					"@executable_path/Frameworks",
				);
				PRODUCT_BUNDLE_IDENTIFIER = com.c3.PhotoEstimateTester;
				PRODUCT_NAME = "$(TARGET_NAME)";
				SWIFT_VERSION = 4.2;
				TARGETED_DEVICE_FAMILY = "1,2";
			};
			name = Debug;
		};
		94E9E7BC219C3FF00051725B /* Release */ = {
			isa = XCBuildConfiguration;
			buildSettings = {
				ASSETCATALOG_COMPILER_APPICON_NAME = AppIcon;
				CODE_SIGN_STYLE = Automatic;
				DEVELOPMENT_TEAM = GAW47D4MAE;
				INFOPLIST_FILE = PhotoEstimateTester/Info.plist;
				LD_RUNPATH_SEARCH_PATHS = (
					"$(inherited)",
					"@executable_path/Frameworks",
				);
				PRODUCT_BUNDLE_IDENTIFIER = com.c3.PhotoEstimateTester;
				PRODUCT_NAME = "$(TARGET_NAME)";
				SWIFT_VERSION = 4.2;
				TARGETED_DEVICE_FAMILY = "1,2";
			};
			name = Release;
		};
		94E9E7BE219C3FF00051725B /* Debug */ = {
			isa = XCBuildConfiguration;
			buildSettings = {
				ALWAYS_EMBED_SWIFT_STANDARD_LIBRARIES = YES;
				BUNDLE_LOADER = "$(TEST_HOST)";
				CODE_SIGN_STYLE = Automatic;
				DEVELOPMENT_TEAM = GAW47D4MAE;
				INFOPLIST_FILE = PhotoEstimateTesterTests/Info.plist;
				LD_RUNPATH_SEARCH_PATHS = (
					"$(inherited)",
					"@executable_path/Frameworks",
					"@loader_path/Frameworks",
				);
				PRODUCT_BUNDLE_IDENTIFIER = com.c3.PhotoEstimateTesterTests;
				PRODUCT_NAME = "$(TARGET_NAME)";
				SWIFT_VERSION = 4.2;
				TARGETED_DEVICE_FAMILY = "1,2";
				TEST_HOST = "$(BUILT_PRODUCTS_DIR)/PhotoEstimateTester.app/PhotoEstimateTester";
			};
			name = Debug;
		};
		94E9E7BF219C3FF00051725B /* Release */ = {
			isa = XCBuildConfiguration;
			buildSettings = {
				ALWAYS_EMBED_SWIFT_STANDARD_LIBRARIES = YES;
				BUNDLE_LOADER = "$(TEST_HOST)";
				CODE_SIGN_STYLE = Automatic;
				DEVELOPMENT_TEAM = GAW47D4MAE;
				INFOPLIST_FILE = PhotoEstimateTesterTests/Info.plist;
				LD_RUNPATH_SEARCH_PATHS = (
					"$(inherited)",
					"@executable_path/Frameworks",
					"@loader_path/Frameworks",
				);
				PRODUCT_BUNDLE_IDENTIFIER = com.c3.PhotoEstimateTesterTests;
				PRODUCT_NAME = "$(TARGET_NAME)";
				SWIFT_VERSION = 4.2;
				TARGETED_DEVICE_FAMILY = "1,2";
				TEST_HOST = "$(BUILT_PRODUCTS_DIR)/PhotoEstimateTester.app/PhotoEstimateTester";
			};
			name = Release;
		};
/* End XCBuildConfiguration section */

/* Begin XCConfigurationList section */
		94E9E798219C3FEF0051725B /* Build configuration list for PBXProject "PhotoEstimateTester" */ = {
			isa = XCConfigurationList;
			buildConfigurations = (
				94E9E7B8219C3FF00051725B /* Debug */,
				94E9E7B9219C3FF00051725B /* Release */,
			);
			defaultConfigurationIsVisible = 0;
			defaultConfigurationName = Release;
		};
		94E9E7BA219C3FF00051725B /* Build configuration list for PBXNativeTarget "PhotoEstimateTester" */ = {
			isa = XCConfigurationList;
			buildConfigurations = (
				94E9E7BB219C3FF00051725B /* Debug */,
				94E9E7BC219C3FF00051725B /* Release */,
			);
			defaultConfigurationIsVisible = 0;
			defaultConfigurationName = Release;
		};
		94E9E7BD219C3FF00051725B /* Build configuration list for PBXNativeTarget "PhotoEstimateTesterTests" */ = {
			isa = XCConfigurationList;
			buildConfigurations = (
				94E9E7BE219C3FF00051725B /* Debug */,
				94E9E7BF219C3FF00051725B /* Release */,
			);
			defaultConfigurationIsVisible = 0;
			defaultConfigurationName = Release;
		};
/* End XCConfigurationList section */
	};
	rootObject = 94E9E795219C3FEF0051725B /* Project object */;
}
